// !$*UTF8*$!
{
	archiveVersion = 1;
	classes = {
	};
	objectVersion = 50;
	objects = {

/* Begin PBXBuildFile section */
		CC1EB1B12254AC7D0019BD30 /* AppDelegate.swift in Sources */ = {isa = PBXBuildFile; fileRef = CC1EB1B02254AC7D0019BD30 /* AppDelegate.swift */; };
		CC1EB1B32254AC7D0019BD30 /* ViewController.swift in Sources */ = {isa = PBXBuildFile; fileRef = CC1EB1B22254AC7D0019BD30 /* ViewController.swift */; };
		CC1EB1B62254AC7D0019BD30 /* Main.storyboard in Resources */ = {isa = PBXBuildFile; fileRef = CC1EB1B42254AC7D0019BD30 /* Main.storyboard */; };
		CC1EB1B82254AC7F0019BD30 /* Assets.xcassets in Resources */ = {isa = PBXBuildFile; fileRef = CC1EB1B72254AC7F0019BD30 /* Assets.xcassets */; };
		CC1EB1BB2254AC7F0019BD30 /* LaunchScreen.storyboard in Resources */ = {isa = PBXBuildFile; fileRef = CC1EB1B92254AC7F0019BD30 /* LaunchScreen.storyboard */; };
		CC1EB1C32254AD710019BD30 /* TableViewCell.swift in Sources */ = {isa = PBXBuildFile; fileRef = CC1EB1C22254AD710019BD30 /* TableViewCell.swift */; };
		CC1EB1C52254B0200019BD30 /* AppleApplicationsModel.swift in Sources */ = {isa = PBXBuildFile; fileRef = CC1EB1C42254B0200019BD30 /* AppleApplicationsModel.swift */; };
		E1991064452625A19F10507A /* Pods_DesignPattern.framework in Frameworks */ = {isa = PBXBuildFile; fileRef = 6906BADCDC23992F0F8B087A /* Pods_DesignPattern.framework */; };
/* End PBXBuildFile section */

/* Begin PBXFileReference section */
		23AA7430678C897FBC8B2622 /* Pods-DesignPattern.debug.xcconfig */ = {isa = PBXFileReference; includeInIndex = 1; lastKnownFileType = text.xcconfig; name = "Pods-DesignPattern.debug.xcconfig"; path = "Pods/Target Support Files/Pods-DesignPattern/Pods-DesignPattern.debug.xcconfig"; sourceTree = "<group>"; };
		6906BADCDC23992F0F8B087A /* Pods_DesignPattern.framework */ = {isa = PBXFileReference; explicitFileType = wrapper.framework; includeInIndex = 0; path = Pods_DesignPattern.framework; sourceTree = BUILT_PRODUCTS_DIR; };
		B8A4F31E79AAE973E21BAC6C /* Pods-DesignPattern.release.xcconfig */ = {isa = PBXFileReference; includeInIndex = 1; lastKnownFileType = text.xcconfig; name = "Pods-DesignPattern.release.xcconfig"; path = "Pods/Target Support Files/Pods-DesignPattern/Pods-DesignPattern.release.xcconfig"; sourceTree = "<group>"; };
		CC1EB1AD2254AC7D0019BD30 /* DesignPattern.app */ = {isa = PBXFileReference; explicitFileType = wrapper.application; includeInIndex = 0; path = DesignPattern.app; sourceTree = BUILT_PRODUCTS_DIR; };
		CC1EB1B02254AC7D0019BD30 /* AppDelegate.swift */ = {isa = PBXFileReference; lastKnownFileType = sourcecode.swift; path = AppDelegate.swift; sourceTree = "<group>"; };
		CC1EB1B22254AC7D0019BD30 /* ViewController.swift */ = {isa = PBXFileReference; lastKnownFileType = sourcecode.swift; path = ViewController.swift; sourceTree = "<group>"; };
		CC1EB1B52254AC7D0019BD30 /* Base */ = {isa = PBXFileReference; lastKnownFileType = file.storyboard; name = Base; path = Base.lproj/Main.storyboard; sourceTree = "<group>"; };
		CC1EB1B72254AC7F0019BD30 /* Assets.xcassets */ = {isa = PBXFileReference; lastKnownFileType = folder.assetcatalog; path = Assets.xcassets; sourceTree = "<group>"; };
		CC1EB1BA2254AC7F0019BD30 /* Base */ = {isa = PBXFileReference; lastKnownFileType = file.storyboard; name = Base; path = Base.lproj/LaunchScreen.storyboard; sourceTree = "<group>"; };
		CC1EB1BC2254AC7F0019BD30 /* Info.plist */ = {isa = PBXFileReference; lastKnownFileType = text.plist.xml; path = Info.plist; sourceTree = "<group>"; };
		CC1EB1C22254AD710019BD30 /* TableViewCell.swift */ = {isa = PBXFileReference; lastKnownFileType = sourcecode.swift; path = TableViewCell.swift; sourceTree = "<group>"; };
		CC1EB1C42254B0200019BD30 /* AppleApplicationsModel.swift */ = {isa = PBXFileReference; lastKnownFileType = sourcecode.swift; path = AppleApplicationsModel.swift; sourceTree = "<group>"; };
/* End PBXFileReference section */

/* Begin PBXFrameworksBuildPhase section */
		CC1EB1AA2254AC7D0019BD30 /* Frameworks */ = {
			isa = PBXFrameworksBuildPhase;
			buildActionMask = 2147483647;
			files = (
				E1991064452625A19F10507A /* Pods_DesignPattern.framework in Frameworks */,
			);
			runOnlyForDeploymentPostprocessing = 0;
		};
/* End PBXFrameworksBuildPhase section */

/* Begin PBXGroup section */
		61150262130032C7BA2112C2 /* Pods */ = {
			isa = PBXGroup;
			children = (
				23AA7430678C897FBC8B2622 /* Pods-DesignPattern.debug.xcconfig */,
				B8A4F31E79AAE973E21BAC6C /* Pods-DesignPattern.release.xcconfig */,
			);
			name = Pods;
			sourceTree = "<group>";
		};
		91EAB8AD86E7C5BB88DCE712 /* Frameworks */ = {
			isa = PBXGroup;
			children = (
				6906BADCDC23992F0F8B087A /* Pods_DesignPattern.framework */,
			);
			name = Frameworks;
			sourceTree = "<group>";
		};
		CC1EB1A42254AC7D0019BD30 = {
			isa = PBXGroup;
			children = (
				CC1EB1AF2254AC7D0019BD30 /* DesignPattern */,
				CC1EB1AE2254AC7D0019BD30 /* Products */,
				61150262130032C7BA2112C2 /* Pods */,
				91EAB8AD86E7C5BB88DCE712 /* Frameworks */,
			);
			sourceTree = "<group>";
		};
		CC1EB1AE2254AC7D0019BD30 /* Products */ = {
			isa = PBXGroup;
			children = (
				CC1EB1AD2254AC7D0019BD30 /* DesignPattern.app */,
			);
			name = Products;
			sourceTree = "<group>";
		};
		CC1EB1AF2254AC7D0019BD30 /* DesignPattern */ = {
			isa = PBXGroup;
			children = (
				CC1EB1B02254AC7D0019BD30 /* AppDelegate.swift */,
				CC1EB1C62254B90A0019BD30 /* Controllers */,
				CC1EB1C72254B91C0019BD30 /* Model */,
				CC1EB1C82254B9290019BD30 /* Views */,
				CC1EB1B72254AC7F0019BD30 /* Assets.xcassets */,
				CC1EB1BC2254AC7F0019BD30 /* Info.plist */,
			);
			path = DesignPattern;
			sourceTree = "<group>";
		};
		CC1EB1C62254B90A0019BD30 /* Controllers */ = {
			isa = PBXGroup;
			children = (
				CC1EB1B22254AC7D0019BD30 /* ViewController.swift */,
				CC1EB1C22254AD710019BD30 /* TableViewCell.swift */,
			);
			path = Controllers;
			sourceTree = "<group>";
		};
		CC1EB1C72254B91C0019BD30 /* Model */ = {
			isa = PBXGroup;
			children = (
				CC1EB1C42254B0200019BD30 /* AppleApplicationsModel.swift */,
			);
			path = Model;
			sourceTree = "<group>";
		};
		CC1EB1C82254B9290019BD30 /* Views */ = {
			isa = PBXGroup;
			children = (
				CC1EB1B42254AC7D0019BD30 /* Main.storyboard */,
				CC1EB1B92254AC7F0019BD30 /* LaunchScreen.storyboard */,
			);
			path = Views;
			sourceTree = "<group>";
		};
/* End PBXGroup section */

/* Begin PBXNativeTarget section */
		CC1EB1AC2254AC7D0019BD30 /* DesignPattern */ = {
			isa = PBXNativeTarget;
			buildConfigurationList = CC1EB1BF2254AC7F0019BD30 /* Build configuration list for PBXNativeTarget "DesignPattern" */;
			buildPhases = (
				52E6023C86E2798DA05380DD /* [CP] Check Pods Manifest.lock */,
				CC1EB1A92254AC7D0019BD30 /* Sources */,
				CC1EB1AA2254AC7D0019BD30 /* Frameworks */,
				CC1EB1AB2254AC7D0019BD30 /* Resources */,
				7A505BE5AE5BF66ED6D88F3E /* [CP] Embed Pods Frameworks */,
			);
			buildRules = (
			);
			dependencies = (
			);
			name = DesignPattern;
			productName = DesignPattern;
			productReference = CC1EB1AD2254AC7D0019BD30 /* DesignPattern.app */;
			productType = "com.apple.product-type.application";
		};
/* End PBXNativeTarget section */

/* Begin PBXProject section */
		CC1EB1A52254AC7D0019BD30 /* Project object */ = {
			isa = PBXProject;
			attributes = {
				LastSwiftUpdateCheck = 1020;
				LastUpgradeCheck = 1020;
				ORGANIZATIONNAME = "Nikhil Patil";
				TargetAttributes = {
					CC1EB1AC2254AC7D0019BD30 = {
						CreatedOnToolsVersion = 10.2;
					};
				};
			};
			buildConfigurationList = CC1EB1A82254AC7D0019BD30 /* Build configuration list for PBXProject "DesignPattern" */;
			compatibilityVersion = "Xcode 9.3";
			developmentRegion = en;
			hasScannedForEncodings = 0;
			knownRegions = (
				en,
				Base,
			);
			mainGroup = CC1EB1A42254AC7D0019BD30;
			productRefGroup = CC1EB1AE2254AC7D0019BD30 /* Products */;
			projectDirPath = "";
			projectRoot = "";
			targets = (
				CC1EB1AC2254AC7D0019BD30 /* DesignPattern */,
			);
		};
/* End PBXProject section */

/* Begin PBXResourcesBuildPhase section */
		CC1EB1AB2254AC7D0019BD30 /* Resources */ = {
			isa = PBXResourcesBuildPhase;
			buildActionMask = 2147483647;
			files = (
				CC1EB1BB2254AC7F0019BD30 /* LaunchScreen.storyboard in Resources */,
				CC1EB1B82254AC7F0019BD30 /* Assets.xcassets in Resources */,
				CC1EB1B62254AC7D0019BD30 /* Main.storyboard in Resources */,
			);
			runOnlyForDeploymentPostprocessing = 0;
		};
/* End PBXResourcesBuildPhase section */

/* Begin PBXShellScriptBuildPhase section */
		52E6023C86E2798DA05380DD /* [CP] Check Pods Manifest.lock */ = {
			isa = PBXShellScriptBuildPhase;
			buildActionMask = 2147483647;
			files = (
			);
			inputFileListPaths = (
			);
			inputPaths = (
				"${PODS_PODFILE_DIR_PATH}/Podfile.lock",
				"${PODS_ROOT}/Manifest.lock",
			);
			name = "[CP] Check Pods Manifest.lock";
			outputFileListPaths = (
			);
			outputPaths = (
				"$(DERIVED_FILE_DIR)/Pods-DesignPattern-checkManifestLockResult.txt",
			);
			runOnlyForDeploymentPostprocessing = 0;
			shellPath = /bin/sh;
			shellScript = "diff \"${PODS_PODFILE_DIR_PATH}/Podfile.lock\" \"${PODS_ROOT}/Manifest.lock\" > /dev/null\nif [ $? != 0 ] ; then\n    # print error to STDERR\n    echo \"error: The sandbox is not in sync with the Podfile.lock. Run 'pod install' or update your CocoaPods installation.\" >&2\n    exit 1\nfi\n# This output is used by Xcode 'outputs' to avoid re-running this script phase.\necho \"SUCCESS\" > \"${SCRIPT_OUTPUT_FILE_0}\"\n";
			showEnvVarsInLog = 0;
		};
		7A505BE5AE5BF66ED6D88F3E /* [CP] Embed Pods Frameworks */ = {
			isa = PBXShellScriptBuildPhase;
			buildActionMask = 2147483647;
			files = (
			);
			inputFileListPaths = (
			);
			inputPaths = (
				"${SRCROOT}/Pods/Target Support Files/Pods-DesignPattern/Pods-DesignPattern-frameworks.sh",
				"${BUILT_PRODUCTS_DIR}/SDWebImage/SDWebImage.framework",
			);
			name = "[CP] Embed Pods Frameworks";
			outputFileListPaths = (
			);
			outputPaths = (
				"${TARGET_BUILD_DIR}/${FRAMEWORKS_FOLDER_PATH}/SDWebImage.framework",
			);
			runOnlyForDeploymentPostprocessing = 0;
			shellPath = /bin/sh;
			shellScript = "\"${SRCROOT}/Pods/Target Support Files/Pods-DesignPattern/Pods-DesignPattern-frameworks.sh\"\n";
			showEnvVarsInLog = 0;
		};
/* End PBXShellScriptBuildPhase section */

/* Begin PBXSourcesBuildPhase section */
		CC1EB1A92254AC7D0019BD30 /* Sources */ = {
			isa = PBXSourcesBuildPhase;
			buildActionMask = 2147483647;
			files = (
				CC1EB1C32254AD710019BD30 /* TableViewCell.swift in Sources */,
				CC1EB1C52254B0200019BD30 /* AppleApplicationsModel.swift in Sources */,
				CC1EB1B32254AC7D0019BD30 /* ViewController.swift in Sources */,
				CC1EB1B12254AC7D0019BD30 /* AppDelegate.swift in Sources */,
			);
			runOnlyForDeploymentPostprocessing = 0;
		};
/* End PBXSourcesBuildPhase section */

/* Begin PBXVariantGroup section */
		CC1EB1B42254AC7D0019BD30 /* Main.storyboard */ = {
			isa = PBXVariantGroup;
			children = (
				CC1EB1B52254AC7D0019BD30 /* Base */,
			);
			name = Main.storyboard;
			sourceTree = "<group>";
		};
		CC1EB1B92254AC7F0019BD30 /* LaunchScreen.storyboard */ = {
			isa = PBXVariantGroup;
			children = (
				CC1EB1BA2254AC7F0019BD30 /* Base */,
			);
			name = LaunchScreen.storyboard;
			sourceTree = "<group>";
		};
/* End PBXVariantGroup section */

/* Begin XCBuildConfiguration section */
		CC1EB1BD2254AC7F0019BD30 /* Debug */ = {
			isa = XCBuildConfiguration;
			buildSettings = {
				ALWAYS_SEARCH_USER_PATHS = NO;
				CLANG_ANALYZER_NONNULL = YES;
				CLANG_ANALYZER_NUMBER_OBJECT_CONVERSION = YES_AGGRESSIVE;
				CLANG_CXX_LANGUAGE_STANDARD = "gnu++14";
				CLANG_CXX_LIBRARY = "libc++";
				CLANG_ENABLE_MODULES = YES;
				CLANG_ENABLE_OBJC_ARC = YES;
				CLANG_ENABLE_OBJC_WEAK = YES;
				CLANG_WARN_BLOCK_CAPTURE_AUTORELEASING = YES;
				CLANG_WARN_BOOL_CONVERSION = YES;
				CLANG_WARN_COMMA = YES;
				CLANG_WARN_CONSTANT_CONVERSION = YES;
				CLANG_WARN_DEPRECATED_OBJC_IMPLEMENTATIONS = YES;
				CLANG_WARN_DIRECT_OBJC_ISA_USAGE = YES_ERROR;
				CLANG_WARN_DOCUMENTATION_COMMENTS = YES;
				CLANG_WARN_EMPTY_BODY = YES;
				CLANG_WARN_ENUM_CONVERSION = YES;
				CLANG_WARN_INFINITE_RECURSION = YES;
				CLANG_WARN_INT_CONVERSION = YES;
				CLANG_WARN_NON_LITERAL_NULL_CONVERSION = YES;
				CLANG_WARN_OBJC_IMPLICIT_RETAIN_SELF = YES;
				CLANG_WARN_OBJC_LITERAL_CONVERSION = YES;
				CLANG_WARN_OBJC_ROOT_CLASS = YES_ERROR;
				CLANG_WARN_RANGE_LOOP_ANALYSIS = YES;
				CLANG_WARN_STRICT_PROTOTYPES = YES;
				CLANG_WARN_SUSPICIOUS_MOVE = YES;
				CLANG_WARN_UNGUARDED_AVAILABILITY = YES_AGGRESSIVE;
				CLANG_WARN_UNREACHABLE_CODE = YES;
				CLANG_WARN__DUPLICATE_METHOD_MATCH = YES;
				CODE_SIGN_IDENTITY = "iPhone Developer";
				COPY_PHASE_STRIP = NO;
				DEBUG_INFORMATION_FORMAT = dwarf;
				ENABLE_STRICT_OBJC_MSGSEND = YES;
				ENABLE_TESTABILITY = YES;
				GCC_C_LANGUAGE_STANDARD = gnu11;
				GCC_DYNAMIC_NO_PIC = NO;
				GCC_NO_COMMON_BLOCKS = YES;
				GCC_OPTIMIZATION_LEVEL = 0;
				GCC_PREPROCESSOR_DEFINITIONS = (
					"DEBUG=1",
					"$(inherited)",
				);
				GCC_WARN_64_TO_32_BIT_CONVERSION = YES;
				GCC_WARN_ABOUT_RETURN_TYPE = YES_ERROR;
				GCC_WARN_UNDECLARED_SELECTOR = YES;
				GCC_WARN_UNINITIALIZED_AUTOS = YES_AGGRESSIVE;
				GCC_WARN_UNUSED_FUNCTION = YES;
				GCC_WARN_UNUSED_VARIABLE = YES;
				IPHONEOS_DEPLOYMENT_TARGET = 12.2;
				MTL_ENABLE_DEBUG_INFO = INCLUDE_SOURCE;
				MTL_FAST_MATH = YES;
				ONLY_ACTIVE_ARCH = YES;
				SDKROOT = iphoneos;
				SWIFT_ACTIVE_COMPILATION_CONDITIONS = DEBUG;
				SWIFT_OPTIMIZATION_LEVEL = "-Onone";
			};
			name = Debug;
		};
		CC1EB1BE2254AC7F0019BD30 /* Release */ = {
			isa = XCBuildConfiguration;
			buildSettings = {
				ALWAYS_SEARCH_USER_PATHS = NO;
				CLANG_ANALYZER_NONNULL = YES;
				CLANG_ANALYZER_NUMBER_OBJECT_CONVERSION = YES_AGGRESSIVE;
				CLANG_CXX_LANGUAGE_STANDARD = "gnu++14";
				CLANG_CXX_LIBRARY = "libc++";
				CLANG_ENABLE_MODULES = YES;
				CLANG_ENABLE_OBJC_ARC = YES;
				CLANG_ENABLE_OBJC_WEAK = YES;
				CLANG_WARN_BLOCK_CAPTURE_AUTORELEASING = YES;
				CLANG_WARN_BOOL_CONVERSION = YES;
				CLANG_WARN_COMMA = YES;
				CLANG_WARN_CONSTANT_CONVERSION = YES;
				CLANG_WARN_DEPRECATED_OBJC_IMPLEMENTATIONS = YES;
				CLANG_WARN_DIRECT_OBJC_ISA_USAGE = YES_ERROR;
				CLANG_WARN_DOCUMENTATION_COMMENTS = YES;
				CLANG_WARN_EMPTY_BODY = YES;
				CLANG_WARN_ENUM_CONVERSION = YES;
				CLANG_WARN_INFINITE_RECURSION = YES;
				CLANG_WARN_INT_CONVERSION = YES;
				CLANG_WARN_NON_LITERAL_NULL_CONVERSION = YES;
				CLANG_WARN_OBJC_IMPLICIT_RETAIN_SELF = YES;
				CLANG_WARN_OBJC_LITERAL_CONVERSION = YES;
				CLANG_WARN_OBJC_ROOT_CLASS = YES_ERROR;
				CLANG_WARN_RANGE_LOOP_ANALYSIS = YES;
				CLANG_WARN_STRICT_PROTOTYPES = YES;
				CLANG_WARN_SUSPICIOUS_MOVE = YES;
				CLANG_WARN_UNGUARDED_AVAILABILITY = YES_AGGRESSIVE;
				CLANG_WARN_UNREACHABLE_CODE = YES;
				CLANG_WARN__DUPLICATE_METHOD_MATCH = YES;
				CODE_SIGN_IDENTITY = "iPhone Developer";
				COPY_PHASE_STRIP = NO;
				DEBUG_INFORMATION_FORMAT = "dwarf-with-dsym";
				ENABLE_NS_ASSERTIONS = NO;
				ENABLE_STRICT_OBJC_MSGSEND = YES;
				GCC_C_LANGUAGE_STANDARD = gnu11;
				GCC_NO_COMMON_BLOCKS = YES;
				GCC_WARN_64_TO_32_BIT_CONVERSION = YES;
				GCC_WARN_ABOUT_RETURN_TYPE = YES_ERROR;
				GCC_WARN_UNDECLARED_SELECTOR = YES;
				GCC_WARN_UNINITIALIZED_AUTOS = YES_AGGRESSIVE;
				GCC_WARN_UNUSED_FUNCTION = YES;
				GCC_WARN_UNUSED_VARIABLE = YES;
				IPHONEOS_DEPLOYMENT_TARGET = 12.2;
				MTL_ENABLE_DEBUG_INFO = NO;
				MTL_FAST_MATH = YES;
				SDKROOT = iphoneos;
				SWIFT_COMPILATION_MODE = wholemodule;
				SWIFT_OPTIMIZATION_LEVEL = "-O";
				VALIDATE_PRODUCT = YES;
			};
			name = Release;
		};
		CC1EB1C02254AC7F0019BD30 /* Debug */ = {
			isa = XCBuildConfiguration;
			baseConfigurationReference = 23AA7430678C897FBC8B2622 /* Pods-DesignPattern.debug.xcconfig */;
			buildSettings = {
				ASSETCATALOG_COMPILER_APPICON_NAME = AppIcon;
				CODE_SIGN_STYLE = Automatic;
				INFOPLIST_FILE = DesignPattern/Info.plist;
				LD_RUNPATH_SEARCH_PATHS = (
					"$(inherited)",
					"@executable_path/Frameworks",
				);
				PRODUCT_BUNDLE_IDENTIFIER = com.NikhilPatil.DesignPattern;
				PRODUCT_NAME = "$(TARGET_NAME)";
				SWIFT_VERSION = 5.0;
				TARGETED_DEVICE_FAMILY = "1,2";
			};
			name = Debug;
		};
		CC1EB1C12254AC7F0019BD30 /* Release */ = {
			isa = XCBuildConfiguration;
			baseConfigurationReference = B8A4F31E79AAE973E21BAC6C /* Pods-DesignPattern.release.xcconfig */;
			buildSettings = {
				ASSETCATALOG_COMPILER_APPICON_NAME = AppIcon;
				CODE_SIGN_STYLE = Automatic;
				INFOPLIST_FILE = DesignPattern/Info.plist;
				LD_RUNPATH_SEARCH_PATHS = (
					"$(inherited)",
					"@executable_path/Frameworks",
				);
				PRODUCT_BUNDLE_IDENTIFIER = com.NikhilPatil.DesignPattern;
				PRODUCT_NAME = "$(TARGET_NAME)";
				SWIFT_VERSION = 5.0;
				TARGETED_DEVICE_FAMILY = "1,2";
			};
			name = Release;
		};
/* End XCBuildConfiguration section */

/* Begin XCConfigurationList section */
		CC1EB1A82254AC7D0019BD30 /* Build configuration list for PBXProject "DesignPattern" */ = {
			isa = XCConfigurationList;
			buildConfigurations = (
				CC1EB1BD2254AC7F0019BD30 /* Debug */,
				CC1EB1BE2254AC7F0019BD30 /* Release */,
			);
			defaultConfigurationIsVisible = 0;
			defaultConfigurationName = Release;
		};
		CC1EB1BF2254AC7F0019BD30 /* Build configuration list for PBXNativeTarget "DesignPattern" */ = {
			isa = XCConfigurationList;
			buildConfigurations = (
				CC1EB1C02254AC7F0019BD30 /* Debug */,
				CC1EB1C12254AC7F0019BD30 /* Release */,
			);
			defaultConfigurationIsVisible = 0;
			defaultConfigurationName = Release;
		};
/* End XCConfigurationList section */
	};
	rootObject = CC1EB1A52254AC7D0019BD30 /* Project object */;
}
